
Microsoft Visual Studio Solution File, Format Version 12.00
# Visual Studio Version 16
VisualStudioVersion = 16.0.30804.86
MinimumVisualStudioVersion = 10.0.40219.1
Project("{FAE04EC0-301F-11D3-BF4B-00C04F79EFBC}") = "Task_1", "Task_1\Task_1.csproj", "{9C621F3D-87FB-4A86-920E-9E71FE35287B}"
EndProject
Project("{FAE04EC0-301F-11D3-BF4B-00C04F79EFBC}") = "Task_2", "Task_2\Task_2.csproj", "{2F33BE64-5B0A-4FCB-A44A-5811A0359294}"
EndProject
Global
	GlobalSection(SolutionConfigurationPlatforms) = preSolution
		Debug|Any CPU = Debug|Any CPU
		Release|Any CPU = Release|Any CPU
	EndGlobalSection
	GlobalSection(ProjectConfigurationPlatforms) = postSolution
		{9C621F3D-87FB-4A86-920E-9E71FE35287B}.Debug|Any CPU.ActiveCfg = Debug|Any CPU
		{9C621F3D-87FB-4A86-920E-9E71FE35287B}.Debug|Any CPU.Build.0 = Debug|Any CPU
		{9C621F3D-87FB-4A86-920E-9E71FE35287B}.Release|Any CPU.ActiveCfg = Release|Any CPU
		{9C621F3D-87FB-4A86-920E-9E71FE35287B}.Release|Any CPU.Build.0 = Release|Any CPU
		{2F33BE64-5B0A-4FCB-A44A-5811A0359294}.Debug|Any CPU.ActiveCfg = Debug|Any CPU
		{2F33BE64-5B0A-4FCB-A44A-5811A0359294}.Debug|Any CPU.Build.0 = Debug|Any CPU
		{2F33BE64-5B0A-4FCB-A44A-5811A0359294}.Release|Any CPU.ActiveCfg = Release|Any CPU
		{2F33BE64-5B0A-4FCB-A44A-5811A0359294}.Release|Any CPU.Build.0 = Release|Any CPU
	EndGlobalSection
	GlobalSection(SolutionProperties) = preSolution
		HideSolutionNode = FALSE
	EndGlobalSection
	GlobalSection(ExtensibilityGlobals) = postSolution
		SolutionGuid = {1A3B243A-6E8B-4D9C-B4CC-599BF82FF8B2}
	EndGlobalSection
EndGlobal
